
Microsoft Visual Studio Solution File, Format Version 12.00
# Visual Studio Version 16
VisualStudioVersion = 16.0.30330.147
MinimumVisualStudioVersion = 10.0.40219.1
Project("{FAE04EC0-301F-11D3-BF4B-00C04F79EFBC}") = "Domain", "Domain\Domain.csproj", "{B2CAC57E-614F-4901-AD45-37487711238A}"
EndProject
Project("{FAE04EC0-301F-11D3-BF4B-00C04F79EFBC}") = "Service", "Service\Service.csproj", "{FDB73333-FC63-47C2-A34B-9CF72834DF30}"
EndProject
Project("{FAE04EC0-301F-11D3-BF4B-00C04F79EFBC}") = "Repository", "Repository\Repository.csproj", "{02EE517C-5954-4E39-8747-28E4ED4E4429}"
EndProject
Project("{FAE04EC0-301F-11D3-BF4B-00C04F79EFBC}") = "Web", "Web\Web.csproj", "{FBD4F132-679A-4B14-AA81-6CE8D5D31A56}"
EndProject
Global
	GlobalSection(SolutionConfigurationPlatforms) = preSolution
		Debug|Any CPU = Debug|Any CPU
		Release|Any CPU = Release|Any CPU
	EndGlobalSection
	GlobalSection(ProjectConfigurationPlatforms) = postSolution
		{B2CAC57E-614F-4901-AD45-37487711238A}.Debug|Any CPU.ActiveCfg = Debug|Any CPU
		{B2CAC57E-614F-4901-AD45-37487711238A}.Debug|Any CPU.Build.0 = Debug|Any CPU
		{B2CAC57E-614F-4901-AD45-37487711238A}.Release|Any CPU.ActiveCfg = Release|Any CPU
		{B2CAC57E-614F-4901-AD45-37487711238A}.Release|Any CPU.Build.0 = Release|Any CPU
		{FDB73333-FC63-47C2-A34B-9CF72834DF30}.Debug|Any CPU.ActiveCfg = Debug|Any CPU
		{FDB73333-FC63-47C2-A34B-9CF72834DF30}.Debug|Any CPU.Build.0 = Debug|Any CPU
		{FDB73333-FC63-47C2-A34B-9CF72834DF30}.Release|Any CPU.ActiveCfg = Release|Any CPU
		{FDB73333-FC63-47C2-A34B-9CF72834DF30}.Release|Any CPU.Build.0 = Release|Any CPU
		{02EE517C-5954-4E39-8747-28E4ED4E4429}.Debug|Any CPU.ActiveCfg = Debug|Any CPU
		{02EE517C-5954-4E39-8747-28E4ED4E4429}.Debug|Any CPU.Build.0 = Debug|Any CPU
		{02EE517C-5954-4E39-8747-28E4ED4E4429}.Release|Any CPU.ActiveCfg = Release|Any CPU
		{02EE517C-5954-4E39-8747-28E4ED4E4429}.Release|Any CPU.Build.0 = Release|Any CPU
		{FBD4F132-679A-4B14-AA81-6CE8D5D31A56}.Debug|Any CPU.ActiveCfg = Debug|Any CPU
		{FBD4F132-679A-4B14-AA81-6CE8D5D31A56}.Debug|Any CPU.Build.0 = Debug|Any CPU
		{FBD4F132-679A-4B14-AA81-6CE8D5D31A56}.Release|Any CPU.ActiveCfg = Release|Any CPU
		{FBD4F132-679A-4B14-AA81-6CE8D5D31A56}.Release|Any CPU.Build.0 = Release|Any CPU
	EndGlobalSection
	GlobalSection(SolutionProperties) = preSolution
		HideSolutionNode = FALSE
	EndGlobalSection
	GlobalSection(ExtensibilityGlobals) = postSolution
		SolutionGuid = {99D6165F-3EA6-4C03-B70F-D91C74DE1F68}
	EndGlobalSection
EndGlobal
